<?xml version="1.0" encoding="utf-8"?>
<Project ToolsVersion="4.0" xmlns="http://schemas.microsoft.com/developer/msbuild/2003">
  <ItemGroup>
    <Filter Include="Source Files">
      <UniqueIdentifier>{7862000a-29be-4cd9-8563-212d409eacf9}</UniqueIdentifier>
      <Extensions>cpp;c;cxx;rc;def;r;odl;idl;hpj;bat</Extensions>
    </Filter>
    <Filter Include="Header Files">
      <UniqueIdentifier>{40247f69-e249-45c5-9e34-8b593335c25f}</UniqueIdentifier>
      <Extensions>h;hpp;hxx;hm;inl</Extensions>
    </Filter>
    <Filter Include="Resource Files">
      <UniqueIdentifier>{79f3579c-0981-4342-872e-392a96b4ca22}</UniqueIdentifier>
      <Extensions>ico;cur;bmp;dlg;rc2;rct;bin;rgs;gif;jpg;jpeg;jpe</Extensions>
    </Filter>
  </ItemGroup>
  <ItemGroup>
    <ClCompile Include="ErrorLog.cpp">
      <Filter>Source Files</Filter>
    </ClCompile>
    <ClCompile Include="GameServer.cpp">
      <Filter>Source Files</Filter>
    </ClCompile>
    <ClCompile Include="main.cpp">
      <Filter>Source Files</Filter>
    </ClCompile>
    <ClCompile Include="Packet.cpp">
      <Filter>Source Files</Filter>
    </ClCompile>
  </ItemGroup>
  <ItemGroup>
    <ClInclude Include="ErrorLog.h">
      <Filter>Header Files</Filter>
    </ClInclude>
    <ClInclude Include="GameServer.h">
      <Filter>Header Files</Filter>
    </ClInclude>
    <ClInclude Include="Packet.h">
      <Filter>Header Files</Filter>
    </ClInclude>
  </ItemGroup>
</Project>